
Microsoft Visual Studio Solution File, Format Version 12.00
# Visual Studio Version 17
VisualStudioVersion = 17.4.33403.182
MinimumVisualStudioVersion = 10.0.40219.1
Project("{FAE04EC0-301F-11D3-BF4B-00C04F79EFBC}") = "PracticumHW1", "PracticumHW1\PracticumHW1.csproj", "{A254477A-8441-4E9D-B647-044BBD00A9CC}"
EndProject
Global
	GlobalSection(SolutionConfigurationPlatforms) = preSolution
		Debug|Any CPU = Debug|Any CPU
		Release|Any CPU = Release|Any CPU
	EndGlobalSection
	GlobalSection(ProjectConfigurationPlatforms) = postSolution
		{A254477A-8441-4E9D-B647-044BBD00A9CC}.Debug|Any CPU.ActiveCfg = Debug|Any CPU
		{A254477A-8441-4E9D-B647-044BBD00A9CC}.Debug|Any CPU.Build.0 = Debug|Any CPU
		{A254477A-8441-4E9D-B647-044BBD00A9CC}.Release|Any CPU.ActiveCfg = Release|Any CPU
		{A254477A-8441-4E9D-B647-044BBD00A9CC}.Release|Any CPU.Build.0 = Release|Any CPU
	EndGlobalSection
	GlobalSection(SolutionProperties) = preSolution
		HideSolutionNode = FALSE
	EndGlobalSection
	GlobalSection(ExtensibilityGlobals) = postSolution
		SolutionGuid = {48FC8016-4AAE-4234-884A-36B636F09305}
	EndGlobalSection
EndGlobal
